
Microsoft Visual Studio Solution File, Format Version 12.00
# Visual Studio Version 17
VisualStudioVersion = 17.8.34511.84
MinimumVisualStudioVersion = 10.0.40219.1
Project("{9A19103F-16F7-4668-BE54-9A1E7A4F7556}") = "ConceitosBasicos", "ConceitosBasicos\ConceitosBasicos.csproj", "{8196C5A7-486A-49AC-BDCB-7E28B61D3669}"
EndProject
Project("{FAE04EC0-301F-11D3-BF4B-00C04F79EFBC}") = "TesteConceitosBasicos", "TesteConceitosBasicos\TesteConceitosBasicos.csproj", "{38E0AB48-C5B3-4773-868A-9AFB3EB52235}"
EndProject
Global
	GlobalSection(SolutionConfigurationPlatforms) = preSolution
		Debug|Any CPU = Debug|Any CPU
		Release|Any CPU = Release|Any CPU
	EndGlobalSection
	GlobalSection(ProjectConfigurationPlatforms) = postSolution
		{8196C5A7-486A-49AC-BDCB-7E28B61D3669}.Debug|Any CPU.ActiveCfg = Debug|Any CPU
		{8196C5A7-486A-49AC-BDCB-7E28B61D3669}.Debug|Any CPU.Build.0 = Debug|Any CPU
		{8196C5A7-486A-49AC-BDCB-7E28B61D3669}.Release|Any CPU.ActiveCfg = Release|Any CPU
		{8196C5A7-486A-49AC-BDCB-7E28B61D3669}.Release|Any CPU.Build.0 = Release|Any CPU
		{38E0AB48-C5B3-4773-868A-9AFB3EB52235}.Debug|Any CPU.ActiveCfg = Debug|Any CPU
		{38E0AB48-C5B3-4773-868A-9AFB3EB52235}.Debug|Any CPU.Build.0 = Debug|Any CPU
		{38E0AB48-C5B3-4773-868A-9AFB3EB52235}.Release|Any CPU.ActiveCfg = Release|Any CPU
		{38E0AB48-C5B3-4773-868A-9AFB3EB52235}.Release|Any CPU.Build.0 = Release|Any CPU
	EndGlobalSection
	GlobalSection(SolutionProperties) = preSolution
		HideSolutionNode = FALSE
	EndGlobalSection
	GlobalSection(ExtensibilityGlobals) = postSolution
		SolutionGuid = {CEFF6258-C744-454D-8DF5-8AE4E97099E6}
	EndGlobalSection
EndGlobal
