
Microsoft Visual Studio Solution File, Format Version 12.00
# Visual Studio Version 17
VisualStudioVersion = 17.8.34511.84
MinimumVisualStudioVersion = 10.0.40219.1
Project("{FAE04EC0-301F-11D3-BF4B-00C04F79EFBC}") = "TrabalhoAmigoOculto", "TrabalhoAmigoOculto\TrabalhoAmigoOculto.csproj", "{A564E50F-CCDB-4177-AB9F-7C498FCF8E37}"
EndProject
Global
	GlobalSection(SolutionConfigurationPlatforms) = preSolution
		Debug|Any CPU = Debug|Any CPU
		Release|Any CPU = Release|Any CPU
	EndGlobalSection
	GlobalSection(ProjectConfigurationPlatforms) = postSolution
		{A564E50F-CCDB-4177-AB9F-7C498FCF8E37}.Debug|Any CPU.ActiveCfg = Debug|Any CPU
		{A564E50F-CCDB-4177-AB9F-7C498FCF8E37}.Debug|Any CPU.Build.0 = Debug|Any CPU
		{A564E50F-CCDB-4177-AB9F-7C498FCF8E37}.Release|Any CPU.ActiveCfg = Release|Any CPU
		{A564E50F-CCDB-4177-AB9F-7C498FCF8E37}.Release|Any CPU.Build.0 = Release|Any CPU
	EndGlobalSection
	GlobalSection(SolutionProperties) = preSolution
		HideSolutionNode = FALSE
	EndGlobalSection
	GlobalSection(ExtensibilityGlobals) = postSolution
		SolutionGuid = {33C60824-2F28-4297-8E75-FD9B08169397}
	EndGlobalSection
EndGlobal
